
Microsoft Visual Studio Solution File, Format Version 12.00
# Visual Studio Version 16
VisualStudioVersion = 16.0.30717.126
MinimumVisualStudioVersion = 10.0.40219.1
Project("{9A19103F-16F7-4668-BE54-9A1E7A4F7556}") = "PhoneApp.Core", "PhoneApp.Core\PhoneApp.Core.csproj", "{6B525218-9A5A-4A94-BBC6-30763CB864EB}"
EndProject
Project("{9A19103F-16F7-4668-BE54-9A1E7A4F7556}") = "PhoneApp.Tests", "PhoneApp.Tests\PhoneApp.Tests.csproj", "{6C7D4650-AE44-40AD-A03B-5A749D73E851}"
EndProject
Project("{9A19103F-16F7-4668-BE54-9A1E7A4F7556}") = "PhoneApp.Tests.Specs", "PhoneApp.Tests.Specs\PhoneApp.Tests.Specs.csproj", "{5002E1D5-2199-4C0B-82AF-2F91295B7502}"
EndProject
Global
	GlobalSection(SolutionConfigurationPlatforms) = preSolution
		Debug|Any CPU = Debug|Any CPU
		Release|Any CPU = Release|Any CPU
	EndGlobalSection
	GlobalSection(ProjectConfigurationPlatforms) = postSolution
		{6B525218-9A5A-4A94-BBC6-30763CB864EB}.Debug|Any CPU.ActiveCfg = Debug|Any CPU
		{6B525218-9A5A-4A94-BBC6-30763CB864EB}.Debug|Any CPU.Build.0 = Debug|Any CPU
		{6B525218-9A5A-4A94-BBC6-30763CB864EB}.Release|Any CPU.ActiveCfg = Release|Any CPU
		{6B525218-9A5A-4A94-BBC6-30763CB864EB}.Release|Any CPU.Build.0 = Release|Any CPU
		{6C7D4650-AE44-40AD-A03B-5A749D73E851}.Debug|Any CPU.ActiveCfg = Debug|Any CPU
		{6C7D4650-AE44-40AD-A03B-5A749D73E851}.Debug|Any CPU.Build.0 = Debug|Any CPU
		{6C7D4650-AE44-40AD-A03B-5A749D73E851}.Release|Any CPU.ActiveCfg = Release|Any CPU
		{6C7D4650-AE44-40AD-A03B-5A749D73E851}.Release|Any CPU.Build.0 = Release|Any CPU
		{5002E1D5-2199-4C0B-82AF-2F91295B7502}.Debug|Any CPU.ActiveCfg = Debug|Any CPU
		{5002E1D5-2199-4C0B-82AF-2F91295B7502}.Debug|Any CPU.Build.0 = Debug|Any CPU
		{5002E1D5-2199-4C0B-82AF-2F91295B7502}.Release|Any CPU.ActiveCfg = Release|Any CPU
		{5002E1D5-2199-4C0B-82AF-2F91295B7502}.Release|Any CPU.Build.0 = Release|Any CPU
	EndGlobalSection
	GlobalSection(SolutionProperties) = preSolution
		HideSolutionNode = FALSE
	EndGlobalSection
	GlobalSection(ExtensibilityGlobals) = postSolution
		SolutionGuid = {1136ADFE-C028-483D-9F4B-E5AA830706EA}
	EndGlobalSection
EndGlobal
